
Microsoft Visual Studio Solution File, Format Version 12.00
# Visual Studio Version 17
VisualStudioVersion = 17.0.32112.339
MinimumVisualStudioVersion = 10.0.40219.1
Project("{FAE04EC0-301F-11D3-BF4B-00C04F79EFBC}") = "IDictionary.Collection", "IDictionary.Collection\IDictionary.Collection.csproj", "{7019CEF2-12BD-4EA7-A6FA-C15E471592D8}"
EndProject
Global
	GlobalSection(SolutionConfigurationPlatforms) = preSolution
		Debug|Any CPU = Debug|Any CPU
		Release|Any CPU = Release|Any CPU
	EndGlobalSection
	GlobalSection(ProjectConfigurationPlatforms) = postSolution
		{7019CEF2-12BD-4EA7-A6FA-C15E471592D8}.Debug|Any CPU.ActiveCfg = Debug|Any CPU
		{7019CEF2-12BD-4EA7-A6FA-C15E471592D8}.Debug|Any CPU.Build.0 = Debug|Any CPU
		{7019CEF2-12BD-4EA7-A6FA-C15E471592D8}.Release|Any CPU.ActiveCfg = Release|Any CPU
		{7019CEF2-12BD-4EA7-A6FA-C15E471592D8}.Release|Any CPU.Build.0 = Release|Any CPU
	EndGlobalSection
	GlobalSection(SolutionProperties) = preSolution
		HideSolutionNode = FALSE
	EndGlobalSection
	GlobalSection(ExtensibilityGlobals) = postSolution
		SolutionGuid = {74250FAF-5B5C-46A4-AE5B-97EF861C7328}
	EndGlobalSection
EndGlobal
